
Microsoft Visual Studio Solution File, Format Version 12.00
# Visual Studio Version 17
VisualStudioVersion = 17.0.31919.166
MinimumVisualStudioVersion = 10.0.40219.1
Project("{FAE04EC0-301F-11D3-BF4B-00C04F79EFBC}") = "DriverLicensePracticerApi", "DriverLicensePracticerApi\DriverLicensePracticerApi.csproj", "{DCBCB084-DAA5-4C2F-9010-E59150C427AF}"
EndProject
Global
	GlobalSection(SolutionConfigurationPlatforms) = preSolution
		Debug|Any CPU = Debug|Any CPU
		Release|Any CPU = Release|Any CPU
	EndGlobalSection
	GlobalSection(ProjectConfigurationPlatforms) = postSolution
		{DCBCB084-DAA5-4C2F-9010-E59150C427AF}.Debug|Any CPU.ActiveCfg = Debug|Any CPU
		{DCBCB084-DAA5-4C2F-9010-E59150C427AF}.Debug|Any CPU.Build.0 = Debug|Any CPU
		{DCBCB084-DAA5-4C2F-9010-E59150C427AF}.Release|Any CPU.ActiveCfg = Release|Any CPU
		{DCBCB084-DAA5-4C2F-9010-E59150C427AF}.Release|Any CPU.Build.0 = Release|Any CPU
	EndGlobalSection
	GlobalSection(SolutionProperties) = preSolution
		HideSolutionNode = FALSE
	EndGlobalSection
	GlobalSection(ExtensibilityGlobals) = postSolution
		SolutionGuid = {0748DDBF-006F-4414-828F-C329A63FB933}
	EndGlobalSection
EndGlobal
